
Microsoft Visual Studio Solution File, Format Version 12.00
# Visual Studio Version 17
VisualStudioVersion = 17.8.34525.116
MinimumVisualStudioVersion = 10.0.40219.1
Project("{FAE04EC0-301F-11D3-BF4B-00C04F79EFBC}") = "ICMDataMagager", "ICMDataMagager\ICMDataMagager.csproj", "{657C10A0-80A3-4F55-968B-E6FFDB0C970F}"
EndProject
Project("{00D1A9C2-B5F0-4AF3-8072-F6C62B433612}") = "ICMData", "ICMData\ICMData.sqlproj", "{8F188DF1-6A6E-4313-879D-1052B8BB3EF8}"
EndProject
Project("{FAE04EC0-301F-11D3-BF4B-00C04F79EFBC}") = "ICMWPFUI", "ICMWPFUI\ICMWPFUI.csproj", "{E6A322CC-3111-4800-8CAA-CEC10ED997A2}"
EndProject
Project("{FAE04EC0-301F-11D3-BF4B-00C04F79EFBC}") = "ICMDataManager.Library", "ICMDataManager.Library\ICMDataManager.Library.csproj", "{9E195FC9-FCDE-4005-80BD-60443EE299B6}"
EndProject
Project("{FAE04EC0-301F-11D3-BF4B-00C04F79EFBC}") = "ICMWPFUI.Library", "ICMWPFUI.Library\ICMWPFUI.Library.csproj", "{F4BE891C-B110-4B42-B433-33465B93E065}"
EndProject
Global
	GlobalSection(SolutionConfigurationPlatforms) = preSolution
		Debug|Any CPU = Debug|Any CPU
		Release|Any CPU = Release|Any CPU
	EndGlobalSection
	GlobalSection(ProjectConfigurationPlatforms) = postSolution
		{657C10A0-80A3-4F55-968B-E6FFDB0C970F}.Debug|Any CPU.ActiveCfg = Debug|Any CPU
		{657C10A0-80A3-4F55-968B-E6FFDB0C970F}.Debug|Any CPU.Build.0 = Debug|Any CPU
		{657C10A0-80A3-4F55-968B-E6FFDB0C970F}.Release|Any CPU.ActiveCfg = Release|Any CPU
		{657C10A0-80A3-4F55-968B-E6FFDB0C970F}.Release|Any CPU.Build.0 = Release|Any CPU
		{8F188DF1-6A6E-4313-879D-1052B8BB3EF8}.Debug|Any CPU.ActiveCfg = Debug|Any CPU
		{8F188DF1-6A6E-4313-879D-1052B8BB3EF8}.Debug|Any CPU.Build.0 = Debug|Any CPU
		{8F188DF1-6A6E-4313-879D-1052B8BB3EF8}.Debug|Any CPU.Deploy.0 = Debug|Any CPU
		{8F188DF1-6A6E-4313-879D-1052B8BB3EF8}.Release|Any CPU.ActiveCfg = Release|Any CPU
		{8F188DF1-6A6E-4313-879D-1052B8BB3EF8}.Release|Any CPU.Build.0 = Release|Any CPU
		{8F188DF1-6A6E-4313-879D-1052B8BB3EF8}.Release|Any CPU.Deploy.0 = Release|Any CPU
		{E6A322CC-3111-4800-8CAA-CEC10ED997A2}.Debug|Any CPU.ActiveCfg = Debug|Any CPU
		{E6A322CC-3111-4800-8CAA-CEC10ED997A2}.Debug|Any CPU.Build.0 = Debug|Any CPU
		{E6A322CC-3111-4800-8CAA-CEC10ED997A2}.Release|Any CPU.ActiveCfg = Release|Any CPU
		{E6A322CC-3111-4800-8CAA-CEC10ED997A2}.Release|Any CPU.Build.0 = Release|Any CPU
		{9E195FC9-FCDE-4005-80BD-60443EE299B6}.Debug|Any CPU.ActiveCfg = Debug|Any CPU
		{9E195FC9-FCDE-4005-80BD-60443EE299B6}.Debug|Any CPU.Build.0 = Debug|Any CPU
		{9E195FC9-FCDE-4005-80BD-60443EE299B6}.Release|Any CPU.ActiveCfg = Release|Any CPU
		{9E195FC9-FCDE-4005-80BD-60443EE299B6}.Release|Any CPU.Build.0 = Release|Any CPU
		{F4BE891C-B110-4B42-B433-33465B93E065}.Debug|Any CPU.ActiveCfg = Debug|Any CPU
		{F4BE891C-B110-4B42-B433-33465B93E065}.Debug|Any CPU.Build.0 = Debug|Any CPU
		{F4BE891C-B110-4B42-B433-33465B93E065}.Release|Any CPU.ActiveCfg = Release|Any CPU
		{F4BE891C-B110-4B42-B433-33465B93E065}.Release|Any CPU.Build.0 = Release|Any CPU
	EndGlobalSection
	GlobalSection(SolutionProperties) = preSolution
		HideSolutionNode = FALSE
	EndGlobalSection
	GlobalSection(ExtensibilityGlobals) = postSolution
		SolutionGuid = {A74B6751-F43F-4717-B05E-F2BA866BB5C1}
	EndGlobalSection
EndGlobal
